
Microsoft Visual Studio Solution File, Format Version 12.00
# Visual Studio Version 16
VisualStudioVersion = 16.0.31829.152
MinimumVisualStudioVersion = 10.0.40219.1
Project("{FAE04EC0-301F-11D3-BF4B-00C04F79EFBC}") = "Practica01-ProductoComponenetes", "Practica01-ProductoComponenetes.csproj", "{7736A40E-FDA1-41C0-9880-E376858BC836}"
EndProject
Global
	GlobalSection(SolutionConfigurationPlatforms) = preSolution
		Debug|Any CPU = Debug|Any CPU
		Release|Any CPU = Release|Any CPU
	EndGlobalSection
	GlobalSection(ProjectConfigurationPlatforms) = postSolution
		{7736A40E-FDA1-41C0-9880-E376858BC836}.Debug|Any CPU.ActiveCfg = Debug|Any CPU
		{7736A40E-FDA1-41C0-9880-E376858BC836}.Debug|Any CPU.Build.0 = Debug|Any CPU
		{7736A40E-FDA1-41C0-9880-E376858BC836}.Release|Any CPU.ActiveCfg = Release|Any CPU
		{7736A40E-FDA1-41C0-9880-E376858BC836}.Release|Any CPU.Build.0 = Release|Any CPU
	EndGlobalSection
	GlobalSection(SolutionProperties) = preSolution
		HideSolutionNode = FALSE
	EndGlobalSection
	GlobalSection(ExtensibilityGlobals) = postSolution
		SolutionGuid = {2AE83541-6A7B-4B10-87D0-2C4D175157EE}
	EndGlobalSection
EndGlobal
