
Microsoft Visual Studio Solution File, Format Version 12.00
# Visual Studio Version 16
VisualStudioVersion = 16.0.31702.278
MinimumVisualStudioVersion = 10.0.40219.1
Project("{FAE04EC0-301F-11D3-BF4B-00C04F79EFBC}") = "Prueba-Inicial", "Prueba-Inicial\Prueba-Inicial.csproj", "{03BEE0A2-4A07-443E-ACAB-58AC0FF205D0}"
EndProject
Global
	GlobalSection(SolutionConfigurationPlatforms) = preSolution
		Debug|Any CPU = Debug|Any CPU
		Release|Any CPU = Release|Any CPU
	EndGlobalSection
	GlobalSection(ProjectConfigurationPlatforms) = postSolution
		{03BEE0A2-4A07-443E-ACAB-58AC0FF205D0}.Debug|Any CPU.ActiveCfg = Debug|Any CPU
		{03BEE0A2-4A07-443E-ACAB-58AC0FF205D0}.Debug|Any CPU.Build.0 = Debug|Any CPU
		{03BEE0A2-4A07-443E-ACAB-58AC0FF205D0}.Release|Any CPU.ActiveCfg = Release|Any CPU
		{03BEE0A2-4A07-443E-ACAB-58AC0FF205D0}.Release|Any CPU.Build.0 = Release|Any CPU
	EndGlobalSection
	GlobalSection(SolutionProperties) = preSolution
		HideSolutionNode = FALSE
	EndGlobalSection
	GlobalSection(ExtensibilityGlobals) = postSolution
		SolutionGuid = {8B6685B3-BDA4-4BA0-A380-086033030514}
	EndGlobalSection
EndGlobal
