
Microsoft Visual Studio Solution File, Format Version 12.00
# Visual Studio Version 16
VisualStudioVersion = 16.0.31729.503
MinimumVisualStudioVersion = 10.0.40219.1
Project("{FAE04EC0-301F-11D3-BF4B-00C04F79EFBC}") = "EF4", "EF4.csproj", "{CEDE473B-559F-405A-8AED-570BA72D1ED9}"
EndProject
Global
	GlobalSection(SolutionConfigurationPlatforms) = preSolution
		Debug|Any CPU = Debug|Any CPU
		Release|Any CPU = Release|Any CPU
	EndGlobalSection
	GlobalSection(ProjectConfigurationPlatforms) = postSolution
		{CEDE473B-559F-405A-8AED-570BA72D1ED9}.Debug|Any CPU.ActiveCfg = Debug|Any CPU
		{CEDE473B-559F-405A-8AED-570BA72D1ED9}.Debug|Any CPU.Build.0 = Debug|Any CPU
		{CEDE473B-559F-405A-8AED-570BA72D1ED9}.Release|Any CPU.ActiveCfg = Release|Any CPU
		{CEDE473B-559F-405A-8AED-570BA72D1ED9}.Release|Any CPU.Build.0 = Release|Any CPU
	EndGlobalSection
	GlobalSection(SolutionProperties) = preSolution
		HideSolutionNode = FALSE
	EndGlobalSection
	GlobalSection(ExtensibilityGlobals) = postSolution
		SolutionGuid = {2D50E272-E55B-44F5-8FAB-8566877DD60E}
	EndGlobalSection
EndGlobal
