
Microsoft Visual Studio Solution File, Format Version 12.00
# Visual Studio Version 17
VisualStudioVersion = 17.0.32126.317
MinimumVisualStudioVersion = 10.0.40219.1
Project("{FAE04EC0-301F-11D3-BF4B-00C04F79EFBC}") = "PracticaExamenEscuela", "PracticaExamenEscuela\PracticaExamenEscuela.csproj", "{57E6E821-543B-4890-AD83-F4A211A44655}"
EndProject
Global
	GlobalSection(SolutionConfigurationPlatforms) = preSolution
		Debug|Any CPU = Debug|Any CPU
		Release|Any CPU = Release|Any CPU
	EndGlobalSection
	GlobalSection(ProjectConfigurationPlatforms) = postSolution
		{57E6E821-543B-4890-AD83-F4A211A44655}.Debug|Any CPU.ActiveCfg = Debug|Any CPU
		{57E6E821-543B-4890-AD83-F4A211A44655}.Debug|Any CPU.Build.0 = Debug|Any CPU
		{57E6E821-543B-4890-AD83-F4A211A44655}.Release|Any CPU.ActiveCfg = Release|Any CPU
		{57E6E821-543B-4890-AD83-F4A211A44655}.Release|Any CPU.Build.0 = Release|Any CPU
	EndGlobalSection
	GlobalSection(SolutionProperties) = preSolution
		HideSolutionNode = FALSE
	EndGlobalSection
	GlobalSection(ExtensibilityGlobals) = postSolution
		SolutionGuid = {54B8DE65-A6A1-4E27-8C18-C0A457CE68DF}
	EndGlobalSection
EndGlobal
