
Microsoft Visual Studio Solution File, Format Version 12.00
# Visual Studio Version 16
VisualStudioVersion = 16.0.31829.152
MinimumVisualStudioVersion = 10.0.40219.1
Project("{FAE04EC0-301F-11D3-BF4B-00C04F79EFBC}") = "EF6", "EF6.csproj", "{4B02817E-8579-43D3-BA16-06EB859C2435}"
EndProject
Global
	GlobalSection(SolutionConfigurationPlatforms) = preSolution
		Debug|Any CPU = Debug|Any CPU
		Release|Any CPU = Release|Any CPU
	EndGlobalSection
	GlobalSection(ProjectConfigurationPlatforms) = postSolution
		{4B02817E-8579-43D3-BA16-06EB859C2435}.Debug|Any CPU.ActiveCfg = Debug|Any CPU
		{4B02817E-8579-43D3-BA16-06EB859C2435}.Debug|Any CPU.Build.0 = Debug|Any CPU
		{4B02817E-8579-43D3-BA16-06EB859C2435}.Release|Any CPU.ActiveCfg = Release|Any CPU
		{4B02817E-8579-43D3-BA16-06EB859C2435}.Release|Any CPU.Build.0 = Release|Any CPU
	EndGlobalSection
	GlobalSection(SolutionProperties) = preSolution
		HideSolutionNode = FALSE
	EndGlobalSection
	GlobalSection(ExtensibilityGlobals) = postSolution
		SolutionGuid = {7AB4C59B-BB73-490E-A0D8-72DF2F4736D4}
	EndGlobalSection
EndGlobal
