
Microsoft Visual Studio Solution File, Format Version 12.00
# Visual Studio Version 17
VisualStudioVersion = 17.0.32112.339
MinimumVisualStudioVersion = 10.0.40219.1
Project("{FAE04EC0-301F-11D3-BF4B-00C04F79EFBC}") = "Colegio_API", "Colegio_API\Colegio_API.csproj", "{C690D371-9AB1-4767-A5C4-3960A8051E19}"
EndProject
Global
	GlobalSection(SolutionConfigurationPlatforms) = preSolution
		Debug|Any CPU = Debug|Any CPU
		Release|Any CPU = Release|Any CPU
	EndGlobalSection
	GlobalSection(ProjectConfigurationPlatforms) = postSolution
		{C690D371-9AB1-4767-A5C4-3960A8051E19}.Debug|Any CPU.ActiveCfg = Debug|Any CPU
		{C690D371-9AB1-4767-A5C4-3960A8051E19}.Debug|Any CPU.Build.0 = Debug|Any CPU
		{C690D371-9AB1-4767-A5C4-3960A8051E19}.Release|Any CPU.ActiveCfg = Release|Any CPU
		{C690D371-9AB1-4767-A5C4-3960A8051E19}.Release|Any CPU.Build.0 = Release|Any CPU
	EndGlobalSection
	GlobalSection(SolutionProperties) = preSolution
		HideSolutionNode = FALSE
	EndGlobalSection
	GlobalSection(ExtensibilityGlobals) = postSolution
		SolutionGuid = {2C0FD3C1-5AD6-480A-9788-2AC0214DAE9C}
	EndGlobalSection
EndGlobal
