
Microsoft Visual Studio Solution File, Format Version 12.00
# Visual Studio Version 16
VisualStudioVersion = 16.0.31829.152
MinimumVisualStudioVersion = 10.0.40219.1
Project("{FAE04EC0-301F-11D3-BF4B-00C04F79EFBC}") = "EF5", "EF5.csproj", "{3E1640F1-FF23-46D8-A565-46BC7B76550D}"
EndProject
Global
	GlobalSection(SolutionConfigurationPlatforms) = preSolution
		Debug|Any CPU = Debug|Any CPU
		Release|Any CPU = Release|Any CPU
	EndGlobalSection
	GlobalSection(ProjectConfigurationPlatforms) = postSolution
		{3E1640F1-FF23-46D8-A565-46BC7B76550D}.Debug|Any CPU.ActiveCfg = Debug|Any CPU
		{3E1640F1-FF23-46D8-A565-46BC7B76550D}.Debug|Any CPU.Build.0 = Debug|Any CPU
		{3E1640F1-FF23-46D8-A565-46BC7B76550D}.Release|Any CPU.ActiveCfg = Release|Any CPU
		{3E1640F1-FF23-46D8-A565-46BC7B76550D}.Release|Any CPU.Build.0 = Release|Any CPU
	EndGlobalSection
	GlobalSection(SolutionProperties) = preSolution
		HideSolutionNode = FALSE
	EndGlobalSection
	GlobalSection(ExtensibilityGlobals) = postSolution
		SolutionGuid = {99233F87-CBC6-42CB-87CB-26C0AECC73AE}
	EndGlobalSection
EndGlobal
